
Microsoft Visual Studio Solution File, Format Version 12.00
# Visual Studio Version 17
VisualStudioVersion = 17.7.34018.315
MinimumVisualStudioVersion = 10.0.40219.1
Project("{FAE04EC0-301F-11D3-BF4B-00C04F79EFBC}") = "PixelForgeWebApp", "PixelForgeWebApp\PixelForgeWebApp.csproj", "{48734B7A-8F36-4422-A211-15604102E518}"
EndProject
Project("{FAE04EC0-301F-11D3-BF4B-00C04F79EFBC}") = "DataAccessLayer", "DataAccessLayer\DataAccessLayer.csproj", "{C546A80C-9EB8-47CF-99DE-F5907260338D}"
EndProject
Global
	GlobalSection(SolutionConfigurationPlatforms) = preSolution
		Debug|Any CPU = Debug|Any CPU
		Release|Any CPU = Release|Any CPU
	EndGlobalSection
	GlobalSection(ProjectConfigurationPlatforms) = postSolution
		{48734B7A-8F36-4422-A211-15604102E518}.Debug|Any CPU.ActiveCfg = Debug|Any CPU
		{48734B7A-8F36-4422-A211-15604102E518}.Debug|Any CPU.Build.0 = Debug|Any CPU
		{48734B7A-8F36-4422-A211-15604102E518}.Release|Any CPU.ActiveCfg = Release|Any CPU
		{48734B7A-8F36-4422-A211-15604102E518}.Release|Any CPU.Build.0 = Release|Any CPU
		{C546A80C-9EB8-47CF-99DE-F5907260338D}.Debug|Any CPU.ActiveCfg = Debug|Any CPU
		{C546A80C-9EB8-47CF-99DE-F5907260338D}.Debug|Any CPU.Build.0 = Debug|Any CPU
		{C546A80C-9EB8-47CF-99DE-F5907260338D}.Release|Any CPU.ActiveCfg = Release|Any CPU
		{C546A80C-9EB8-47CF-99DE-F5907260338D}.Release|Any CPU.Build.0 = Release|Any CPU
	EndGlobalSection
	GlobalSection(SolutionProperties) = preSolution
		HideSolutionNode = FALSE
	EndGlobalSection
	GlobalSection(ExtensibilityGlobals) = postSolution
		SolutionGuid = {5CEDEA29-5AB6-44CC-B92E-263574C4CCED}
	EndGlobalSection
EndGlobal
